
Microsoft Visual Studio Solution File, Format Version 12.00
# Visual Studio 15
VisualStudioVersion = 15.0.27004.2010
MinimumVisualStudioVersion = 10.0.40219.1
Project("{9A19103F-16F7-4668-BE54-9A1E7A4F7556}") = "AdvancedPeopleDashboard", "src\website\AdvancedPeopleDashboard.csproj", "{9FCB664D-7C78-4E10-A679-264B05D40B64}"
EndProject
Global
	GlobalSection(SolutionConfigurationPlatforms) = preSolution
		Debug|Any CPU = Debug|Any CPU
		Release|Any CPU = Release|Any CPU
	EndGlobalSection
	GlobalSection(ProjectConfigurationPlatforms) = postSolution
		{9FCB664D-7C78-4E10-A679-264B05D40B64}.Debug|Any CPU.ActiveCfg = Debug|Any CPU
		{9FCB664D-7C78-4E10-A679-264B05D40B64}.Debug|Any CPU.Build.0 = Debug|Any CPU
		{9FCB664D-7C78-4E10-A679-264B05D40B64}.Release|Any CPU.ActiveCfg = Release|Any CPU
		{9FCB664D-7C78-4E10-A679-264B05D40B64}.Release|Any CPU.Build.0 = Release|Any CPU
	EndGlobalSection
	GlobalSection(SolutionProperties) = preSolution
		HideSolutionNode = FALSE
	EndGlobalSection
	GlobalSection(ExtensibilityGlobals) = postSolution
		SolutionGuid = {68BF84BA-1C70-4BDC-8B16-47DED1C6CE92}
	EndGlobalSection
EndGlobal
