
Microsoft Visual Studio Solution File, Format Version 12.00
# Visual Studio 15
VisualStudioVersion = 15.0.27130.2010
MinimumVisualStudioVersion = 10.0.40219.1
Project("{9A19103F-16F7-4668-BE54-9A1E7A4F7556}") = "WebTool2", "src\website\WebTool2.csproj", "{9FCB664D-7C78-4E10-A679-264B05D40B64}"
EndProject
Project("{9A19103F-16F7-4668-BE54-9A1E7A4F7556}") = "WebTool2.Repository", "src\Webtool2.Repository\WebTool2.Repository.csproj", "{0EBFCFB4-A381-4B0E-8ACA-E917D8B0C00C}"
EndProject
Project("{9A19103F-16F7-4668-BE54-9A1E7A4F7556}") = "WebTool2.Services", "src\Webtool2.Services\WebTool2.Services.csproj", "{98CE43F9-1276-4F3D-9743-E9D48A275ED1}"
EndProject
Project("{9A19103F-16F7-4668-BE54-9A1E7A4F7556}") = "WebTool2.Models", "src\Webtool2.Models\WebTool2.Models.csproj", "{B8D31E66-C4BA-4783-931C-929480A29CB3}"
EndProject
Global
	GlobalSection(SolutionConfigurationPlatforms) = preSolution
		Debug|Any CPU = Debug|Any CPU
		Release|Any CPU = Release|Any CPU
	EndGlobalSection
	GlobalSection(ProjectConfigurationPlatforms) = postSolution
		{9FCB664D-7C78-4E10-A679-264B05D40B64}.Debug|Any CPU.ActiveCfg = Debug|Any CPU
		{9FCB664D-7C78-4E10-A679-264B05D40B64}.Debug|Any CPU.Build.0 = Debug|Any CPU
		{9FCB664D-7C78-4E10-A679-264B05D40B64}.Release|Any CPU.ActiveCfg = Release|Any CPU
		{9FCB664D-7C78-4E10-A679-264B05D40B64}.Release|Any CPU.Build.0 = Release|Any CPU
		{0EBFCFB4-A381-4B0E-8ACA-E917D8B0C00C}.Debug|Any CPU.ActiveCfg = Debug|Any CPU
		{0EBFCFB4-A381-4B0E-8ACA-E917D8B0C00C}.Debug|Any CPU.Build.0 = Debug|Any CPU
		{0EBFCFB4-A381-4B0E-8ACA-E917D8B0C00C}.Release|Any CPU.ActiveCfg = Release|Any CPU
		{0EBFCFB4-A381-4B0E-8ACA-E917D8B0C00C}.Release|Any CPU.Build.0 = Release|Any CPU
		{98CE43F9-1276-4F3D-9743-E9D48A275ED1}.Debug|Any CPU.ActiveCfg = Debug|Any CPU
		{98CE43F9-1276-4F3D-9743-E9D48A275ED1}.Debug|Any CPU.Build.0 = Debug|Any CPU
		{98CE43F9-1276-4F3D-9743-E9D48A275ED1}.Release|Any CPU.ActiveCfg = Release|Any CPU
		{98CE43F9-1276-4F3D-9743-E9D48A275ED1}.Release|Any CPU.Build.0 = Release|Any CPU
		{B8D31E66-C4BA-4783-931C-929480A29CB3}.Debug|Any CPU.ActiveCfg = Debug|Any CPU
		{B8D31E66-C4BA-4783-931C-929480A29CB3}.Debug|Any CPU.Build.0 = Debug|Any CPU
		{B8D31E66-C4BA-4783-931C-929480A29CB3}.Release|Any CPU.ActiveCfg = Release|Any CPU
		{B8D31E66-C4BA-4783-931C-929480A29CB3}.Release|Any CPU.Build.0 = Release|Any CPU
	EndGlobalSection
	GlobalSection(SolutionProperties) = preSolution
		HideSolutionNode = FALSE
	EndGlobalSection
	GlobalSection(ExtensibilityGlobals) = postSolution
		SolutionGuid = {68BF84BA-1C70-4BDC-8B16-47DED1C6CE92}
	EndGlobalSection
EndGlobal
